
Microsoft Visual Studio Solution File, Format Version 12.00
# Visual Studio 15
VisualStudioVersion = 15.0.28307.421
MinimumVisualStudioVersion = 10.0.40219.1
Project("{FAE04EC0-301F-11D3-BF4B-00C04F79EFBC}") = "StringPool", "StringPool\StringPool.csproj", "{803ECF39-6957-4200-AF4B-98D0381FD7CC}"
EndProject
Global
	GlobalSection(SolutionConfigurationPlatforms) = preSolution
		Debug|Any CPU = Debug|Any CPU
		Release|Any CPU = Release|Any CPU
	EndGlobalSection
	GlobalSection(ProjectConfigurationPlatforms) = postSolution
		{803ECF39-6957-4200-AF4B-98D0381FD7CC}.Debug|Any CPU.ActiveCfg = Debug|Any CPU
		{803ECF39-6957-4200-AF4B-98D0381FD7CC}.Debug|Any CPU.Build.0 = Debug|Any CPU
		{803ECF39-6957-4200-AF4B-98D0381FD7CC}.Release|Any CPU.ActiveCfg = Release|Any CPU
		{803ECF39-6957-4200-AF4B-98D0381FD7CC}.Release|Any CPU.Build.0 = Release|Any CPU
	EndGlobalSection
	GlobalSection(SolutionProperties) = preSolution
		HideSolutionNode = FALSE
	EndGlobalSection
	GlobalSection(ExtensibilityGlobals) = postSolution
		SolutionGuid = {DC9057AD-0C0D-4D8C-90DA-71F3B35C26B0}
	EndGlobalSection
EndGlobal
